# THIS IS AN AUTOGENERATED FILE. DO NOT EDIT THIS FILE DIRECTLY.
# yarn lockfile v1


"@babel/runtime@^7.20.1":
  version "7.20.1"
  resolved "https://registry.yarnpkg.com/@babel/runtime/-/runtime-7.20.1.tgz#1148bb33ab252b165a06698fde7576092a78b4a9"
  integrity sha512-mrzLkl6U9YLF8qpqI7TB82PESyEGjm/0Ly91jG575eVxMMlb8fYfOXFZIJ8XfLrJZQbm7dlKry2bJmXBUEkdFg==
  dependencies:
    regenerator-runtime "^0.13.10"

react-native-segmented-control-tab@^4.0.0:
  version "4.0.0"
  resolved "https://registry.yarnpkg.com/react-native-segmented-control-tab/-/react-native-segmented-control-tab-4.0.0.tgz#e52a5638dda1a217e1f2308dcb8a935a7812edc2"
  integrity sha512-Iyxabn5T7HGFGjLAvOWUL6K/o0r+UglAUDDQzMgqlHcz3tCnK9C6QUgZaAkzMTSgB/2JO9yLgk3XROPmb8064A==

regenerator-runtime@^0.13.10:
  version "0.13.10"
  resolved "https://registry.yarnpkg.com/regenerator-runtime/-/regenerator-runtime-0.13.10.tgz#ed07b19616bcbec5da6274ebc75ae95634bfc2ee"
  integrity sha512-KepLsg4dU12hryUO7bp/axHAKvwGOCV0sGloQtpagJ12ai+ojVDqkeGSiRX1zlq+kjIMZ1t7gpze+26QqtdGqw==
