# THIS IS AN AUTOGENERATED FILE. DO NOT EDIT THIS FILE DIRECTLY.
# yarn lockfile v1


dotenv@^16.0.3:
  version "16.0.3"
  resolved "https://registry.yarnpkg.com/dotenv/-/dotenv-16.0.3.tgz#115aec42bac5053db3c456db30cc243a5a836a07"
  integrity sha512-7GO6HghkA5fYG9TYnNxi14/7K9f5occMlp3zXAuSxn7CKCxt9xbNWG7yF8hTCSUchlfWSe3uLmlPfigevRItzQ==

react-native-dotenv@^3.4.8:
  version "3.4.8"
  resolved "https://registry.yarnpkg.com/react-native-dotenv/-/react-native-dotenv-3.4.8.tgz#42284070a9994076cd700805c2dd28051c9e1432"
  integrity sha512-fg9F8X/cG1kDTwRLgLz3t+AMbsULoFHbUVltdQarmrJ3kNllD1Zq7ZgY85bp8BnPwk0DnYQzKbooiLsUoKd10w==
  dependencies:
    dotenv "^16.0.3"
